
Microsoft Visual Studio Solution File, Format Version 12.00
# Visual Studio Version 17
VisualStudioVersion = 17.2.32616.157
MinimumVisualStudioVersion = 10.0.40219.1
Project("{FAE04EC0-301F-11D3-BF4B-00C04F79EFBC}") = "Iroda", "Iroda\Iroda.csproj", "{4AE71504-0461-4C1C-8E25-CE272BD851B6}"
EndProject
Global
	GlobalSection(SolutionConfigurationPlatforms) = preSolution
		Debug|Any CPU = Debug|Any CPU
		Release|Any CPU = Release|Any CPU
	EndGlobalSection
	GlobalSection(ProjectConfigurationPlatforms) = postSolution
		{4AE71504-0461-4C1C-8E25-CE272BD851B6}.Debug|Any CPU.ActiveCfg = Debug|Any CPU
		{4AE71504-0461-4C1C-8E25-CE272BD851B6}.Debug|Any CPU.Build.0 = Debug|Any CPU
		{4AE71504-0461-4C1C-8E25-CE272BD851B6}.Release|Any CPU.ActiveCfg = Release|Any CPU
		{4AE71504-0461-4C1C-8E25-CE272BD851B6}.Release|Any CPU.Build.0 = Release|Any CPU
	EndGlobalSection
	GlobalSection(SolutionProperties) = preSolution
		HideSolutionNode = FALSE
	EndGlobalSection
	GlobalSection(ExtensibilityGlobals) = postSolution
		SolutionGuid = {2107865B-DCDE-4713-9591-D8A380F72B38}
	EndGlobalSection
EndGlobal
